
Microsoft Visual Studio Solution File, Format Version 12.00
# Visual Studio Version 17
VisualStudioVersion = 17.14.36623.8 d17.14
MinimumVisualStudioVersion = 10.0.40219.1
Project("{FAE04EC0-301F-11D3-BF4B-00C04F79EFBC}") = "ketabSara", "ketabSara\ketabSara.csproj", "{F01496DE-588C-4930-961C-E17F08818B57}"
EndProject
Project("{FAE04EC0-301F-11D3-BF4B-00C04F79EFBC}") = "KetabSara.CoreLayer", "KetabSara.CoreLayer\KetabSara.CoreLayer.csproj", "{F910AE97-4D67-4584-B0ED-867D6C9DA3B2}"
EndProject
Project("{FAE04EC0-301F-11D3-BF4B-00C04F79EFBC}") = "KetabSara.DataLayer", "KetabSara.DataLayer\KetabSara.DataLayer.csproj", "{0D02984D-88F9-45C7-B027-62FE6EC6AEBB}"
EndProject
Global
	GlobalSection(SolutionConfigurationPlatforms) = preSolution
		Debug|Any CPU = Debug|Any CPU
		Release|Any CPU = Release|Any CPU
	EndGlobalSection
	GlobalSection(ProjectConfigurationPlatforms) = postSolution
		{F01496DE-588C-4930-961C-E17F08818B57}.Debug|Any CPU.ActiveCfg = Debug|Any CPU
		{F01496DE-588C-4930-961C-E17F08818B57}.Debug|Any CPU.Build.0 = Debug|Any CPU
		{F01496DE-588C-4930-961C-E17F08818B57}.Release|Any CPU.ActiveCfg = Release|Any CPU
		{F01496DE-588C-4930-961C-E17F08818B57}.Release|Any CPU.Build.0 = Release|Any CPU
		{F910AE97-4D67-4584-B0ED-867D6C9DA3B2}.Debug|Any CPU.ActiveCfg = Debug|Any CPU
		{F910AE97-4D67-4584-B0ED-867D6C9DA3B2}.Debug|Any CPU.Build.0 = Debug|Any CPU
		{F910AE97-4D67-4584-B0ED-867D6C9DA3B2}.Release|Any CPU.ActiveCfg = Release|Any CPU
		{F910AE97-4D67-4584-B0ED-867D6C9DA3B2}.Release|Any CPU.Build.0 = Release|Any CPU
		{0D02984D-88F9-45C7-B027-62FE6EC6AEBB}.Debug|Any CPU.ActiveCfg = Debug|Any CPU
		{0D02984D-88F9-45C7-B027-62FE6EC6AEBB}.Debug|Any CPU.Build.0 = Debug|Any CPU
		{0D02984D-88F9-45C7-B027-62FE6EC6AEBB}.Release|Any CPU.ActiveCfg = Release|Any CPU
		{0D02984D-88F9-45C7-B027-62FE6EC6AEBB}.Release|Any CPU.Build.0 = Release|Any CPU
	EndGlobalSection
	GlobalSection(SolutionProperties) = preSolution
		HideSolutionNode = FALSE
	EndGlobalSection
	GlobalSection(ExtensibilityGlobals) = postSolution
		SolutionGuid = {819BCC7C-1BA3-427C-92E5-EC227CC0C379}
	EndGlobalSection
EndGlobal
